
Microsoft Visual Studio Solution File, Format Version 12.00
# Visual Studio Version 16
VisualStudioVersion = 16.0.30114.105
MinimumVisualStudioVersion = 10.0.40219.1
Project("{9A19103F-16F7-4668-BE54-9A1E7A4F7556}") = "Masny.WebApi", "src\Masny.WebApi\Masny.WebApi.csproj", "{B9A86346-39A9-4383-B3CF-03CCE7EF16B1}"
EndProject
Project("{2150E333-8FDC-42A3-9474-1A3956D46DE8}") = "Solution Items", "Solution Items", "{D0659BD2-F7B4-4840-8965-07A4B9B053FE}"
	ProjectSection(SolutionItems) = preProject
		.gitignore = .gitignore
		LICENSE = LICENSE
		README.md = README.md
	EndProjectSection
EndProject
Global
	GlobalSection(SolutionConfigurationPlatforms) = preSolution
		Debug|Any CPU = Debug|Any CPU
		Release|Any CPU = Release|Any CPU
	EndGlobalSection
	GlobalSection(ProjectConfigurationPlatforms) = postSolution
		{B9A86346-39A9-4383-B3CF-03CCE7EF16B1}.Debug|Any CPU.ActiveCfg = Debug|Any CPU
		{B9A86346-39A9-4383-B3CF-03CCE7EF16B1}.Debug|Any CPU.Build.0 = Debug|Any CPU
		{B9A86346-39A9-4383-B3CF-03CCE7EF16B1}.Release|Any CPU.ActiveCfg = Release|Any CPU
		{B9A86346-39A9-4383-B3CF-03CCE7EF16B1}.Release|Any CPU.Build.0 = Release|Any CPU
	EndGlobalSection
	GlobalSection(SolutionProperties) = preSolution
		HideSolutionNode = FALSE
	EndGlobalSection
	GlobalSection(ExtensibilityGlobals) = postSolution
		SolutionGuid = {20103780-B370-4913-981E-E929393ACE0F}
	EndGlobalSection
EndGlobal
